<?xml version="1.0" encoding="UTF-8"?>
<Scheme
   LastUpgradeVersion = "1340"
   version = "1.3">
   <BuildAction
      parallelizeBuildables = "YES"
      buildImplicitDependencies = "YES">
      <BuildActionEntries>
         <BuildActionEntry
            buildForTesting = "YES"
            buildForRunning = "YES"
            buildForProfiling = "YES"
            buildForArchiving = "YES"
            buildForAnalyzing = "YES">
            <BuildableReference
               BuildableIdentifier = "primary"
               BlueprintIdentifier = "FC99CFE628C5F165000D527B"
               BuildableName = "feed_app_iOS.framework"
               BlueprintName = "feed-app-iOS"
               ReferencedContainer = "container:../feed-app/feed-app.xcodeproj">
            </BuildableReference>
         </BuildActionEntry>
      </BuildActionEntries>
   </BuildAction>
   <TestAction
      buildConfiguration = "Debug"
      selectedDebuggerIdentifier = "Xcode.DebuggerFoundation.Debugger.LLDB"
      selectedLauncherIdentifier = "Xcode.DebuggerFoundation.Launcher.LLDB"
      shouldUseLaunchSchemeArgsEnv = "YES"
      codeCoverageEnabled = "YES"
      onlyGenerateCoverageForSpecifiedTargets = "YES">
      <CodeCoverageTargets>
         <BuildableReference
            BuildableIdentifier = "primary"
            BlueprintIdentifier = "FC99CFE628C5F165000D527B"
            BuildableName = "feed_app_iOS.framework"
            BlueprintName = "feed-app-iOS"
            ReferencedContainer = "container:../feed-app/feed-app.xcodeproj">
         </BuildableReference>
         <BuildableReference
            BuildableIdentifier = "primary"
            BlueprintIdentifier = "FCA7283528955B5C00560FBD"
            BuildableName = "feed_app.framework"
            BlueprintName = "feed-app"
            ReferencedContainer = "container:../feed-app/feed-app.xcodeproj">
         </BuildableReference>
         <BuildableReference
            BuildableIdentifier = "primary"
            BlueprintIdentifier = "FC4ABB08292B4D9200464813"
            BuildableName = "main-app.app"
            BlueprintName = "main-app"
            ReferencedContainer = "container:main-app.xcodeproj">
         </BuildableReference>
      </CodeCoverageTargets>
      <Testables>
         <TestableReference
            skipped = "NO"
            testExecutionOrdering = "random">
            <BuildableReference
               BuildableIdentifier = "primary"
               BlueprintIdentifier = "FC99CFED28C5F166000D527B"
               BuildableName = "feed-app-iOSTests.xctest"
               BlueprintName = "feed-app-iOSTests"
               ReferencedContainer = "container:../feed-app/feed-app.xcodeproj">
            </BuildableReference>
         </TestableReference>
         <TestableReference
            skipped = "NO"
            testExecutionOrdering = "random">
            <BuildableReference
               BuildableIdentifier = "primary"
               BlueprintIdentifier = "FCCFCFA028A8324B0095D3E7"
               BuildableName = "feed-appEndToEndTests.xctest"
               BlueprintName = "feed-appEndToEndTests"
               ReferencedContainer = "container:../feed-app/feed-app.xcodeproj">
            </BuildableReference>
         </TestableReference>
         <TestableReference
            skipped = "NO"
            testExecutionOrdering = "random">
            <BuildableReference
               BuildableIdentifier = "primary"
               BlueprintIdentifier = "FCA7283D28955B5C00560FBD"
               BuildableName = "feed-appTests.xctest"
               BlueprintName = "feed-appTests"
               ReferencedContainer = "container:../feed-app/feed-app.xcodeproj">
            </BuildableReference>
         </TestableReference>
         <TestableReference
            skipped = "NO"
            testExecutionOrdering = "random">
            <BuildableReference
               BuildableIdentifier = "primary"
               BlueprintIdentifier = "FC42FAE328C47D0400B068C5"
               BuildableName = "feed_appCacheIntegrationTests.xctest"
               BlueprintName = "feed_appCacheIntegrationTests"
               ReferencedContainer = "container:../feed-app/feed-app.xcodeproj">
            </BuildableReference>
         </TestableReference>
         <TestableReference
            skipped = "NO"
            testExecutionOrdering = "random">
            <BuildableReference
               BuildableIdentifier = "primary"
               BlueprintIdentifier = "FC4ABB1E292B4D9600464813"
               BuildableName = "main-appTests.xctest"
               BlueprintName = "main-appTests"
               ReferencedContainer = "container:main-app.xcodeproj">
            </BuildableReference>
         </TestableReference>
      </Testables>
   </TestAction>
   <LaunchAction
      buildConfiguration = "Debug"
      selectedDebuggerIdentifier = "Xcode.DebuggerFoundation.Debugger.LLDB"
      selectedLauncherIdentifier = "Xcode.DebuggerFoundation.Launcher.LLDB"
      launchStyle = "0"
      useCustomWorkingDirectory = "NO"
      ignoresPersistentStateOnLaunch = "NO"
      debugDocumentVersioning = "YES"
      debugServiceExtension = "internal"
      allowLocationSimulation = "YES">
   </LaunchAction>
   <ProfileAction
      buildConfiguration = "Release"
      shouldUseLaunchSchemeArgsEnv = "YES"
      savedToolIdentifier = ""
      useCustomWorkingDirectory = "NO"
      debugDocumentVersioning = "YES">
      <MacroExpansion>
         <BuildableReference
            BuildableIdentifier = "primary"
            BlueprintIdentifier = "FC99CFE628C5F165000D527B"
            BuildableName = "feed_app_iOS.framework"
            BlueprintName = "feed-app-iOS"
            ReferencedContainer = "container:../feed-app/feed-app.xcodeproj">
         </BuildableReference>
      </MacroExpansion>
   </ProfileAction>
   <AnalyzeAction
      buildConfiguration = "Debug">
   </AnalyzeAction>
   <ArchiveAction
      buildConfiguration = "Release"
      revealArchiveInOrganizer = "YES">
   </ArchiveAction>
</Scheme>
