// !$*UTF8*$!
{
	archiveVersion = 1;
	classes = {
	};
	objectVersion = 55;
	objects = {

/* Begin PBXBuildFile section */
		FC2CD3EE28C09D7400EACF17 /* FeedStoreSpecs.swift in Sources */ = {isa = PBXBuildFile; fileRef = FC2CD3ED28C09D7400EACF17 /* FeedStoreSpecs.swift */; };
		FC2CD3F028C09DE400EACF17 /* XCTestCase+FeedStoreSpecs.swift in Sources */ = {isa = PBXBuildFile; fileRef = FC2CD3EF28C09DE400EACF17 /* XCTestCase+FeedStoreSpecs.swift */; };
		FC2CD3F328C09F8800EACF17 /* XCTestCase+FailableDeleteFeedStoreSpecs.swift in Sources */ = {isa = PBXBuildFile; fileRef = FC2CD3F228C09F8800EACF17 /* XCTestCase+FailableDeleteFeedStoreSpecs.swift */; };
		FC2CD3F528C09FA300EACF17 /* XCTestCase+FailableInsertFeedStoreSpecs.swift in Sources */ = {isa = PBXBuildFile; fileRef = FC2CD3F428C09FA300EACF17 /* XCTestCase+FailableInsertFeedStoreSpecs.swift */; };
		FC2CD3F728C09FC200EACF17 /* XCTestCase+FailableRetrieveFeedStoreSpecs.swift in Sources */ = {isa = PBXBuildFile; fileRef = FC2CD3F628C09FC200EACF17 /* XCTestCase+FailableRetrieveFeedStoreSpecs.swift */; };
		FC37EF7628BC0FD0003B77DA /* RemoteFeedItem.swift in Sources */ = {isa = PBXBuildFile; fileRef = FC37EF7528BC0FD0003B77DA /* RemoteFeedItem.swift */; };
		FC37EF7828BC0FF5003B77DA /* LocalFeedImage.swift in Sources */ = {isa = PBXBuildFile; fileRef = FC37EF7728BC0FF5003B77DA /* LocalFeedImage.swift */; };
		FC42FAD128C3542200B068C5 /* CoreDataFeedStoreTests.swift in Sources */ = {isa = PBXBuildFile; fileRef = FC42FAD028C3542200B068C5 /* CoreDataFeedStoreTests.swift */; };
		FC42FAD328C354FE00B068C5 /* CoreDataFeedStore.swift in Sources */ = {isa = PBXBuildFile; fileRef = FC42FAD228C354FE00B068C5 /* CoreDataFeedStore.swift */; };
		FC42FAD628C35A0500B068C5 /* FeedStore.xcdatamodeld in Sources */ = {isa = PBXBuildFile; fileRef = FC42FAD428C35A0500B068C5 /* FeedStore.xcdatamodeld */; };
		FC42FADB28C3E91C00B068C5 /* CoreDataHelpers.swift in Sources */ = {isa = PBXBuildFile; fileRef = FC42FADA28C3E91C00B068C5 /* CoreDataHelpers.swift */; };
		FC42FADD28C3EA7C00B068C5 /* ManagedCache.swift in Sources */ = {isa = PBXBuildFile; fileRef = FC42FADC28C3EA7C00B068C5 /* ManagedCache.swift */; };
		FC42FADF28C3EA9900B068C5 /* ManagedFeedImage.swift in Sources */ = {isa = PBXBuildFile; fileRef = FC42FADE28C3EA9900B068C5 /* ManagedFeedImage.swift */; };
		FC42FAE728C47D0400B068C5 /* feed_appCacheIntegrationTests.swift in Sources */ = {isa = PBXBuildFile; fileRef = FC42FAE628C47D0400B068C5 /* feed_appCacheIntegrationTests.swift */; };
		FC42FAE828C47D0400B068C5 /* feed_app.framework in Frameworks */ = {isa = PBXBuildFile; fileRef = FCA7283628955B5C00560FBD /* feed_app.framework */; };
		FC42FAEE28C47E6A00B068C5 /* XCTestCase+MemoryLeakTracking.swift in Sources */ = {isa = PBXBuildFile; fileRef = FCCFCF9928A7922C0095D3E7 /* XCTestCase+MemoryLeakTracking.swift */; };
		FC42FAEF28C480CD00B068C5 /* SharedTestHelpers.swift in Sources */ = {isa = PBXBuildFile; fileRef = FC6AE21228BE29C800E613E8 /* SharedTestHelpers.swift */; };
		FC42FAF028C480F800B068C5 /* FeedCacheTestHelpers.swift in Sources */ = {isa = PBXBuildFile; fileRef = FC6AE21628BE369100E613E8 /* FeedCacheTestHelpers.swift */; };
		FC6476AD2918FD1200BF980B /* UIView+Shimmering.swift in Sources */ = {isa = PBXBuildFile; fileRef = FC6476AC2918FD1200BF980B /* UIView+Shimmering.swift */; };
		FC6476CE2920BCF600BF980B /* FeedImageDataLoader.swift in Sources */ = {isa = PBXBuildFile; fileRef = FC6476CD2920BCF600BF980B /* FeedImageDataLoader.swift */; };
		FC6476D32920C8B700BF980B /* FeedRefreshViewController.swift in Sources */ = {isa = PBXBuildFile; fileRef = FC6476D22920C8B700BF980B /* FeedRefreshViewController.swift */; };
		FC6476D5292231B500BF980B /* FeedImageCellController.swift in Sources */ = {isa = PBXBuildFile; fileRef = FC6476D4292231B500BF980B /* FeedImageCellController.swift */; };
		FC6476D8292236C900BF980B /* FeedUIComposer.swift in Sources */ = {isa = PBXBuildFile; fileRef = FC6476D7292236C900BF980B /* FeedUIComposer.swift */; };
		FC6534FA28B8ECD400E23505 /* LocalFeedLoader.swift in Sources */ = {isa = PBXBuildFile; fileRef = FC6534F928B8ECD400E23505 /* LocalFeedLoader.swift */; };
		FC6534FC28B8ECEF00E23505 /* FeedStore.swift in Sources */ = {isa = PBXBuildFile; fileRef = FC6534FB28B8ECEF00E23505 /* FeedStore.swift */; };
		FC6AE20828BC9E0F00E613E8 /* LoadFeedFromCacheUseCaseTests.swift in Sources */ = {isa = PBXBuildFile; fileRef = FC6AE20728BC9E0F00E613E8 /* LoadFeedFromCacheUseCaseTests.swift */; };
		FC6AE20B28BCA04300E613E8 /* FeedStoreSpy.swift in Sources */ = {isa = PBXBuildFile; fileRef = FC6AE20A28BCA04300E613E8 /* FeedStoreSpy.swift */; };
		FC6AE20F28BE24C700E613E8 /* ValidateFeedCacheUseCase.swift in Sources */ = {isa = PBXBuildFile; fileRef = FC6AE20E28BE24C700E613E8 /* ValidateFeedCacheUseCase.swift */; };
		FC6AE21328BE29C800E613E8 /* SharedTestHelpers.swift in Sources */ = {isa = PBXBuildFile; fileRef = FC6AE21228BE29C800E613E8 /* SharedTestHelpers.swift */; };
		FC6AE21528BE337B00E613E8 /* FeedCachePolicy.swift in Sources */ = {isa = PBXBuildFile; fileRef = FC6AE21428BE337B00E613E8 /* FeedCachePolicy.swift */; };
		FC6AE21728BE369100E613E8 /* FeedCacheTestHelpers.swift in Sources */ = {isa = PBXBuildFile; fileRef = FC6AE21628BE369100E613E8 /* FeedCacheTestHelpers.swift */; };
		FC84E50828B12A5E002EB80C /* CacheFeedUseCaseTests.swift in Sources */ = {isa = PBXBuildFile; fileRef = FC84E50728B12A5E002EB80C /* CacheFeedUseCaseTests.swift */; };
		FC99CFEF28C5F166000D527B /* feed_app_iOS.framework in Frameworks */ = {isa = PBXBuildFile; fileRef = FC99CFE728C5F165000D527B /* feed_app_iOS.framework */; };
		FCA7283F28955B5C00560FBD /* feed_app.framework in Frameworks */ = {isa = PBXBuildFile; fileRef = FCA7283628955B5C00560FBD /* feed_app.framework */; };
		FCA7284428955B5C00560FBD /* LoadFeedFromRemoteUseCaseTests.swift in Sources */ = {isa = PBXBuildFile; fileRef = FCA7284328955B5C00560FBD /* LoadFeedFromRemoteUseCaseTests.swift */; };
		FCA7284F28955BA800560FBD /* FeedImage.swift in Sources */ = {isa = PBXBuildFile; fileRef = FCA7284E28955BA800560FBD /* FeedImage.swift */; };
		FCA7285128955C8100560FBD /* FeedLoader.swift in Sources */ = {isa = PBXBuildFile; fileRef = FCA7285028955C8100560FBD /* FeedLoader.swift */; };
		FCA7285428962FA000560FBD /* RemoteFeedLoader.swift in Sources */ = {isa = PBXBuildFile; fileRef = FCA7285328962FA000560FBD /* RemoteFeedLoader.swift */; };
		FCB24D912923795700A08034 /* FeedViewModel.swift in Sources */ = {isa = PBXBuildFile; fileRef = FCB24D902923795700A08034 /* FeedViewModel.swift */; };
		FCB24D9329237EC400A08034 /* FeedImageViewModel.swift in Sources */ = {isa = PBXBuildFile; fileRef = FCB24D9229237EC400A08034 /* FeedImageViewModel.swift */; };
		FCC306A928C86F3F009FEAE0 /* FeedViewControllerTests.swift in Sources */ = {isa = PBXBuildFile; fileRef = FCC306A828C86F3F009FEAE0 /* FeedViewControllerTests.swift */; };
		FCC306AB28C874CC009FEAE0 /* feed_app.framework in Frameworks */ = {isa = PBXBuildFile; fileRef = FCA7283628955B5C00560FBD /* feed_app.framework */; };
		FCC306AC28C874CC009FEAE0 /* feed_app.framework in Embed Frameworks */ = {isa = PBXBuildFile; fileRef = FCA7283628955B5C00560FBD /* feed_app.framework */; settings = {ATTRIBUTES = (CodeSignOnCopy, RemoveHeadersOnCopy, ); }; };
		FCC306B028C875A4009FEAE0 /* XCTestCase+MemoryLeakTracking.swift in Sources */ = {isa = PBXBuildFile; fileRef = FCCFCF9928A7922C0095D3E7 /* XCTestCase+MemoryLeakTracking.swift */; };
		FCC306B228C8839F009FEAE0 /* FeedViewController.swift in Sources */ = {isa = PBXBuildFile; fileRef = FCC306B128C8839F009FEAE0 /* FeedViewController.swift */; };
		FCCD702828A8392B00561F1B /* XCTestCase+MemoryLeakTracking.swift in Sources */ = {isa = PBXBuildFile; fileRef = FCCFCF9928A7922C0095D3E7 /* XCTestCase+MemoryLeakTracking.swift */; };
		FCCFCF9028A25C7B0095D3E7 /* HTTPClient.swift in Sources */ = {isa = PBXBuildFile; fileRef = FCCFCF8F28A25C7B0095D3E7 /* HTTPClient.swift */; };
		FCCFCF9228A25CB70095D3E7 /* FeedItemMapper.swift in Sources */ = {isa = PBXBuildFile; fileRef = FCCFCF9128A25CB70095D3E7 /* FeedItemMapper.swift */; };
		FCCFCF9728A618780095D3E7 /* URLSessionHTTPClientTests.swift in Sources */ = {isa = PBXBuildFile; fileRef = FCCFCF9628A618780095D3E7 /* URLSessionHTTPClientTests.swift */; };
		FCCFCF9A28A7922C0095D3E7 /* XCTestCase+MemoryLeakTracking.swift in Sources */ = {isa = PBXBuildFile; fileRef = FCCFCF9928A7922C0095D3E7 /* XCTestCase+MemoryLeakTracking.swift */; };
		FCCFCF9C28A82E010095D3E7 /* URLSessionHTTPClient.swift in Sources */ = {isa = PBXBuildFile; fileRef = FCCFCF9B28A82E010095D3E7 /* URLSessionHTTPClient.swift */; };
		FCCFCFA428A8324B0095D3E7 /* feed_appEndToEndTests.swift in Sources */ = {isa = PBXBuildFile; fileRef = FCCFCFA328A8324B0095D3E7 /* feed_appEndToEndTests.swift */; };
		FCCFCFA528A8324B0095D3E7 /* feed_app.framework in Frameworks */ = {isa = PBXBuildFile; fileRef = FCA7283628955B5C00560FBD /* feed_app.framework */; };
		FCD41DE728CDFCF1003A3BAE /* FeedImageCell.swift in Sources */ = {isa = PBXBuildFile; fileRef = FCD41DE628CDFCF1003A3BAE /* FeedImageCell.swift */; };
/* End PBXBuildFile section */

/* Begin PBXContainerItemProxy section */
		FC42FAE928C47D0400B068C5 /* PBXContainerItemProxy */ = {
			isa = PBXContainerItemProxy;
			containerPortal = FCA7282D28955B5C00560FBD /* Project object */;
			proxyType = 1;
			remoteGlobalIDString = FCA7283528955B5C00560FBD;
			remoteInfo = "feed-app";
		};
		FC99CFF028C5F166000D527B /* PBXContainerItemProxy */ = {
			isa = PBXContainerItemProxy;
			containerPortal = FCA7282D28955B5C00560FBD /* Project object */;
			proxyType = 1;
			remoteGlobalIDString = FC99CFE628C5F165000D527B;
			remoteInfo = "feed-app-iOS";
		};
		FCA7284028955B5C00560FBD /* PBXContainerItemProxy */ = {
			isa = PBXContainerItemProxy;
			containerPortal = FCA7282D28955B5C00560FBD /* Project object */;
			proxyType = 1;
			remoteGlobalIDString = FCA7283528955B5C00560FBD;
			remoteInfo = "feed-app";
		};
		FCC306AD28C874CC009FEAE0 /* PBXContainerItemProxy */ = {
			isa = PBXContainerItemProxy;
			containerPortal = FCA7282D28955B5C00560FBD /* Project object */;
			proxyType = 1;
			remoteGlobalIDString = FCA7283528955B5C00560FBD;
			remoteInfo = "feed-app";
		};
		FCCFCFA628A8324B0095D3E7 /* PBXContainerItemProxy */ = {
			isa = PBXContainerItemProxy;
			containerPortal = FCA7282D28955B5C00560FBD /* Project object */;
			proxyType = 1;
			remoteGlobalIDString = FCA7283528955B5C00560FBD;
			remoteInfo = "feed-app";
		};
/* End PBXContainerItemProxy section */

/* Begin PBXCopyFilesBuildPhase section */
		FCC306AF28C874CC009FEAE0 /* Embed Frameworks */ = {
			isa = PBXCopyFilesBuildPhase;
			buildActionMask = 2147483647;
			dstPath = "";
			dstSubfolderSpec = 10;
			files = (
				FCC306AC28C874CC009FEAE0 /* feed_app.framework in Embed Frameworks */,
			);
			name = "Embed Frameworks";
			runOnlyForDeploymentPostprocessing = 0;
		};
/* End PBXCopyFilesBuildPhase section */

/* Begin PBXFileReference section */
		FC2CD3ED28C09D7400EACF17 /* FeedStoreSpecs.swift */ = {isa = PBXFileReference; lastKnownFileType = sourcecode.swift; path = FeedStoreSpecs.swift; sourceTree = "<group>"; };
		FC2CD3EF28C09DE400EACF17 /* XCTestCase+FeedStoreSpecs.swift */ = {isa = PBXFileReference; lastKnownFileType = sourcecode.swift; path = "XCTestCase+FeedStoreSpecs.swift"; sourceTree = "<group>"; };
		FC2CD3F228C09F8800EACF17 /* XCTestCase+FailableDeleteFeedStoreSpecs.swift */ = {isa = PBXFileReference; lastKnownFileType = sourcecode.swift; path = "XCTestCase+FailableDeleteFeedStoreSpecs.swift"; sourceTree = "<group>"; };
		FC2CD3F428C09FA300EACF17 /* XCTestCase+FailableInsertFeedStoreSpecs.swift */ = {isa = PBXFileReference; lastKnownFileType = sourcecode.swift; path = "XCTestCase+FailableInsertFeedStoreSpecs.swift"; sourceTree = "<group>"; };
		FC2CD3F628C09FC200EACF17 /* XCTestCase+FailableRetrieveFeedStoreSpecs.swift */ = {isa = PBXFileReference; lastKnownFileType = sourcecode.swift; path = "XCTestCase+FailableRetrieveFeedStoreSpecs.swift"; sourceTree = "<group>"; };
		FC37EF7528BC0FD0003B77DA /* RemoteFeedItem.swift */ = {isa = PBXFileReference; lastKnownFileType = sourcecode.swift; path = RemoteFeedItem.swift; sourceTree = "<group>"; };
		FC37EF7728BC0FF5003B77DA /* LocalFeedImage.swift */ = {isa = PBXFileReference; lastKnownFileType = sourcecode.swift; path = LocalFeedImage.swift; sourceTree = "<group>"; };
		FC42FAD028C3542200B068C5 /* CoreDataFeedStoreTests.swift */ = {isa = PBXFileReference; lastKnownFileType = sourcecode.swift; path = CoreDataFeedStoreTests.swift; sourceTree = "<group>"; };
		FC42FAD228C354FE00B068C5 /* CoreDataFeedStore.swift */ = {isa = PBXFileReference; lastKnownFileType = sourcecode.swift; path = CoreDataFeedStore.swift; sourceTree = "<group>"; };
		FC42FAD528C35A0500B068C5 /* FeedStore.xcdatamodel */ = {isa = PBXFileReference; lastKnownFileType = wrapper.xcdatamodel; path = FeedStore.xcdatamodel; sourceTree = "<group>"; };
		FC42FADA28C3E91C00B068C5 /* CoreDataHelpers.swift */ = {isa = PBXFileReference; lastKnownFileType = sourcecode.swift; path = CoreDataHelpers.swift; sourceTree = "<group>"; };
		FC42FADC28C3EA7C00B068C5 /* ManagedCache.swift */ = {isa = PBXFileReference; lastKnownFileType = sourcecode.swift; path = ManagedCache.swift; sourceTree = "<group>"; };
		FC42FADE28C3EA9900B068C5 /* ManagedFeedImage.swift */ = {isa = PBXFileReference; lastKnownFileType = sourcecode.swift; path = ManagedFeedImage.swift; sourceTree = "<group>"; };
		FC42FAE428C47D0400B068C5 /* feed_appCacheIntegrationTests.xctest */ = {isa = PBXFileReference; explicitFileType = wrapper.cfbundle; includeInIndex = 0; path = feed_appCacheIntegrationTests.xctest; sourceTree = BUILT_PRODUCTS_DIR; };
		FC42FAE628C47D0400B068C5 /* feed_appCacheIntegrationTests.swift */ = {isa = PBXFileReference; lastKnownFileType = sourcecode.swift; path = feed_appCacheIntegrationTests.swift; sourceTree = "<group>"; };
		FC6476AC2918FD1200BF980B /* UIView+Shimmering.swift */ = {isa = PBXFileReference; lastKnownFileType = sourcecode.swift; path = "UIView+Shimmering.swift"; sourceTree = "<group>"; };
		FC6476CD2920BCF600BF980B /* FeedImageDataLoader.swift */ = {isa = PBXFileReference; lastKnownFileType = sourcecode.swift; path = FeedImageDataLoader.swift; sourceTree = "<group>"; };
		FC6476D22920C8B700BF980B /* FeedRefreshViewController.swift */ = {isa = PBXFileReference; lastKnownFileType = sourcecode.swift; path = FeedRefreshViewController.swift; sourceTree = "<group>"; };
		FC6476D4292231B500BF980B /* FeedImageCellController.swift */ = {isa = PBXFileReference; lastKnownFileType = sourcecode.swift; path = FeedImageCellController.swift; sourceTree = "<group>"; };
		FC6476D7292236C900BF980B /* FeedUIComposer.swift */ = {isa = PBXFileReference; lastKnownFileType = sourcecode.swift; path = FeedUIComposer.swift; sourceTree = "<group>"; };
		FC6534F928B8ECD400E23505 /* LocalFeedLoader.swift */ = {isa = PBXFileReference; lastKnownFileType = sourcecode.swift; path = LocalFeedLoader.swift; sourceTree = "<group>"; };
		FC6534FB28B8ECEF00E23505 /* FeedStore.swift */ = {isa = PBXFileReference; lastKnownFileType = sourcecode.swift; path = FeedStore.swift; sourceTree = "<group>"; };
		FC6AE20728BC9E0F00E613E8 /* LoadFeedFromCacheUseCaseTests.swift */ = {isa = PBXFileReference; lastKnownFileType = sourcecode.swift; path = LoadFeedFromCacheUseCaseTests.swift; sourceTree = "<group>"; };
		FC6AE20A28BCA04300E613E8 /* FeedStoreSpy.swift */ = {isa = PBXFileReference; lastKnownFileType = sourcecode.swift; path = FeedStoreSpy.swift; sourceTree = "<group>"; };
		FC6AE20E28BE24C700E613E8 /* ValidateFeedCacheUseCase.swift */ = {isa = PBXFileReference; lastKnownFileType = sourcecode.swift; path = ValidateFeedCacheUseCase.swift; sourceTree = "<group>"; };
		FC6AE21228BE29C800E613E8 /* SharedTestHelpers.swift */ = {isa = PBXFileReference; lastKnownFileType = sourcecode.swift; path = SharedTestHelpers.swift; sourceTree = "<group>"; };
		FC6AE21428BE337B00E613E8 /* FeedCachePolicy.swift */ = {isa = PBXFileReference; lastKnownFileType = sourcecode.swift; path = FeedCachePolicy.swift; sourceTree = "<group>"; };
		FC6AE21628BE369100E613E8 /* FeedCacheTestHelpers.swift */ = {isa = PBXFileReference; fileEncoding = 4; lastKnownFileType = sourcecode.swift; path = FeedCacheTestHelpers.swift; sourceTree = "<group>"; };
		FC84E50728B12A5E002EB80C /* CacheFeedUseCaseTests.swift */ = {isa = PBXFileReference; lastKnownFileType = sourcecode.swift; path = CacheFeedUseCaseTests.swift; sourceTree = "<group>"; };
		FC99CFE728C5F165000D527B /* feed_app_iOS.framework */ = {isa = PBXFileReference; explicitFileType = wrapper.framework; includeInIndex = 0; path = feed_app_iOS.framework; sourceTree = BUILT_PRODUCTS_DIR; };
		FC99CFEE28C5F166000D527B /* feed-app-iOSTests.xctest */ = {isa = PBXFileReference; explicitFileType = wrapper.cfbundle; includeInIndex = 0; path = "feed-app-iOSTests.xctest"; sourceTree = BUILT_PRODUCTS_DIR; };
		FCA7283628955B5C00560FBD /* feed_app.framework */ = {isa = PBXFileReference; explicitFileType = wrapper.framework; includeInIndex = 0; path = feed_app.framework; sourceTree = BUILT_PRODUCTS_DIR; };
		FCA7283E28955B5C00560FBD /* feed-appTests.xctest */ = {isa = PBXFileReference; explicitFileType = wrapper.cfbundle; includeInIndex = 0; path = "feed-appTests.xctest"; sourceTree = BUILT_PRODUCTS_DIR; };
		FCA7284328955B5C00560FBD /* LoadFeedFromRemoteUseCaseTests.swift */ = {isa = PBXFileReference; lastKnownFileType = sourcecode.swift; path = LoadFeedFromRemoteUseCaseTests.swift; sourceTree = "<group>"; };
		FCA7284E28955BA800560FBD /* FeedImage.swift */ = {isa = PBXFileReference; lastKnownFileType = sourcecode.swift; path = FeedImage.swift; sourceTree = "<group>"; };
		FCA7285028955C8100560FBD /* FeedLoader.swift */ = {isa = PBXFileReference; lastKnownFileType = sourcecode.swift; path = FeedLoader.swift; sourceTree = "<group>"; };
		FCA7285328962FA000560FBD /* RemoteFeedLoader.swift */ = {isa = PBXFileReference; lastKnownFileType = sourcecode.swift; path = RemoteFeedLoader.swift; sourceTree = "<group>"; };
		FCB24D902923795700A08034 /* FeedViewModel.swift */ = {isa = PBXFileReference; lastKnownFileType = sourcecode.swift; path = FeedViewModel.swift; sourceTree = "<group>"; };
		FCB24D9229237EC400A08034 /* FeedImageViewModel.swift */ = {isa = PBXFileReference; lastKnownFileType = sourcecode.swift; path = FeedImageViewModel.swift; sourceTree = "<group>"; };
		FCC306A828C86F3F009FEAE0 /* FeedViewControllerTests.swift */ = {isa = PBXFileReference; lastKnownFileType = sourcecode.swift; path = FeedViewControllerTests.swift; sourceTree = "<group>"; };
		FCC306B128C8839F009FEAE0 /* FeedViewController.swift */ = {isa = PBXFileReference; lastKnownFileType = sourcecode.swift; path = FeedViewController.swift; sourceTree = "<group>"; };
		FCCFCF8F28A25C7B0095D3E7 /* HTTPClient.swift */ = {isa = PBXFileReference; lastKnownFileType = sourcecode.swift; path = HTTPClient.swift; sourceTree = "<group>"; };
		FCCFCF9128A25CB70095D3E7 /* FeedItemMapper.swift */ = {isa = PBXFileReference; lastKnownFileType = sourcecode.swift; path = FeedItemMapper.swift; sourceTree = "<group>"; };
		FCCFCF9628A618780095D3E7 /* URLSessionHTTPClientTests.swift */ = {isa = PBXFileReference; lastKnownFileType = sourcecode.swift; path = URLSessionHTTPClientTests.swift; sourceTree = "<group>"; };
		FCCFCF9928A7922C0095D3E7 /* XCTestCase+MemoryLeakTracking.swift */ = {isa = PBXFileReference; lastKnownFileType = sourcecode.swift; path = "XCTestCase+MemoryLeakTracking.swift"; sourceTree = "<group>"; };
		FCCFCF9B28A82E010095D3E7 /* URLSessionHTTPClient.swift */ = {isa = PBXFileReference; lastKnownFileType = sourcecode.swift; path = URLSessionHTTPClient.swift; sourceTree = "<group>"; };
		FCCFCFA128A8324B0095D3E7 /* feed-appEndToEndTests.xctest */ = {isa = PBXFileReference; explicitFileType = wrapper.cfbundle; includeInIndex = 0; path = "feed-appEndToEndTests.xctest"; sourceTree = BUILT_PRODUCTS_DIR; };
		FCCFCFA328A8324B0095D3E7 /* feed_appEndToEndTests.swift */ = {isa = PBXFileReference; lastKnownFileType = sourcecode.swift; path = feed_appEndToEndTests.swift; sourceTree = "<group>"; };
		FCD41DE628CDFCF1003A3BAE /* FeedImageCell.swift */ = {isa = PBXFileReference; lastKnownFileType = sourcecode.swift; path = FeedImageCell.swift; sourceTree = "<group>"; };
/* End PBXFileReference section */

/* Begin PBXFrameworksBuildPhase section */
		FC42FAE128C47D0400B068C5 /* Frameworks */ = {
			isa = PBXFrameworksBuildPhase;
			buildActionMask = 2147483647;
			files = (
				FC42FAE828C47D0400B068C5 /* feed_app.framework in Frameworks */,
			);
			runOnlyForDeploymentPostprocessing = 0;
		};
		FC99CFE428C5F165000D527B /* Frameworks */ = {
			isa = PBXFrameworksBuildPhase;
			buildActionMask = 2147483647;
			files = (
				FCC306AB28C874CC009FEAE0 /* feed_app.framework in Frameworks */,
			);
			runOnlyForDeploymentPostprocessing = 0;
		};
		FC99CFEB28C5F166000D527B /* Frameworks */ = {
			isa = PBXFrameworksBuildPhase;
			buildActionMask = 2147483647;
			files = (
				FC99CFEF28C5F166000D527B /* feed_app_iOS.framework in Frameworks */,
			);
			runOnlyForDeploymentPostprocessing = 0;
		};
		FCA7283328955B5C00560FBD /* Frameworks */ = {
			isa = PBXFrameworksBuildPhase;
			buildActionMask = 2147483647;
			files = (
			);
			runOnlyForDeploymentPostprocessing = 0;
		};
		FCA7283B28955B5C00560FBD /* Frameworks */ = {
			isa = PBXFrameworksBuildPhase;
			buildActionMask = 2147483647;
			files = (
				FCA7283F28955B5C00560FBD /* feed_app.framework in Frameworks */,
			);
			runOnlyForDeploymentPostprocessing = 0;
		};
		FCCFCF9E28A8324B0095D3E7 /* Frameworks */ = {
			isa = PBXFrameworksBuildPhase;
			buildActionMask = 2147483647;
			files = (
				FCCFCFA528A8324B0095D3E7 /* feed_app.framework in Frameworks */,
			);
			runOnlyForDeploymentPostprocessing = 0;
		};
/* End PBXFrameworksBuildPhase section */

/* Begin PBXGroup section */
		FC2CD3F128C09F7100EACF17 /* FeedStoreSpecs */ = {
			isa = PBXGroup;
			children = (
				FC2CD3ED28C09D7400EACF17 /* FeedStoreSpecs.swift */,
				FC2CD3F228C09F8800EACF17 /* XCTestCase+FailableDeleteFeedStoreSpecs.swift */,
				FC2CD3F428C09FA300EACF17 /* XCTestCase+FailableInsertFeedStoreSpecs.swift */,
				FC2CD3F628C09FC200EACF17 /* XCTestCase+FailableRetrieveFeedStoreSpecs.swift */,
				FC2CD3EF28C09DE400EACF17 /* XCTestCase+FeedStoreSpecs.swift */,
			);
			path = FeedStoreSpecs;
			sourceTree = "<group>";
		};
		FC42FAD728C3E89900B068C5 /* Infrastructure */ = {
			isa = PBXGroup;
			children = (
				FC42FAD828C3E8AC00B068C5 /* CoreData */,
			);
			path = Infrastructure;
			sourceTree = "<group>";
		};
		FC42FAD828C3E8AC00B068C5 /* CoreData */ = {
			isa = PBXGroup;
			children = (
				FC42FAD228C354FE00B068C5 /* CoreDataFeedStore.swift */,
				FC42FADA28C3E91C00B068C5 /* CoreDataHelpers.swift */,
				FC42FAD428C35A0500B068C5 /* FeedStore.xcdatamodeld */,
				FC42FADC28C3EA7C00B068C5 /* ManagedCache.swift */,
				FC42FADE28C3EA9900B068C5 /* ManagedFeedImage.swift */,
			);
			path = CoreData;
			sourceTree = "<group>";
		};
		FC42FAE528C47D0400B068C5 /* feed_appCacheIntegrationTests */ = {
			isa = PBXGroup;
			children = (
				FC42FAE628C47D0400B068C5 /* feed_appCacheIntegrationTests.swift */,
			);
			path = feed_appCacheIntegrationTests;
			sourceTree = "<group>";
		};
		FC6476CC2920BCDB00BF980B /* Feed Image Loader */ = {
			isa = PBXGroup;
			children = (
				FC6476CD2920BCF600BF980B /* FeedImageDataLoader.swift */,
			);
			path = "Feed Image Loader";
			sourceTree = "<group>";
		};
		FC6476CF2920BD1300BF980B /* Feed UI */ = {
			isa = PBXGroup;
			children = (
				FCB24D8F2923794B00A08034 /* Models */,
				FC6476D6292236B800BF980B /* Composers */,
				FC6476D02920BD2300BF980B /* Controllers */,
				FC6476D12920BD2C00BF980B /* Views */,
			);
			path = "Feed UI";
			sourceTree = "<group>";
		};
		FC6476D02920BD2300BF980B /* Controllers */ = {
			isa = PBXGroup;
			children = (
				FCC306B128C8839F009FEAE0 /* FeedViewController.swift */,
				FC6476D4292231B500BF980B /* FeedImageCellController.swift */,
				FC6476D22920C8B700BF980B /* FeedRefreshViewController.swift */,
			);
			path = Controllers;
			sourceTree = "<group>";
		};
		FC6476D12920BD2C00BF980B /* Views */ = {
			isa = PBXGroup;
			children = (
				FCD41DE628CDFCF1003A3BAE /* FeedImageCell.swift */,
				FC6476AC2918FD1200BF980B /* UIView+Shimmering.swift */,
			);
			path = Views;
			sourceTree = "<group>";
		};
		FC6476D6292236B800BF980B /* Composers */ = {
			isa = PBXGroup;
			children = (
				FC6476D7292236C900BF980B /* FeedUIComposer.swift */,
			);
			path = Composers;
			sourceTree = "<group>";
		};
		FC6534F828B8ECC600E23505 /* Feed Cache */ = {
			isa = PBXGroup;
			children = (
				FC42FAD728C3E89900B068C5 /* Infrastructure */,
				FC6AE21428BE337B00E613E8 /* FeedCachePolicy.swift */,
				FC6534FB28B8ECEF00E23505 /* FeedStore.swift */,
				FC37EF7728BC0FF5003B77DA /* LocalFeedImage.swift */,
				FC6534F928B8ECD400E23505 /* LocalFeedLoader.swift */,
			);
			path = "Feed Cache";
			sourceTree = "<group>";
		};
		FC6AE20928BCA03600E613E8 /* Helpers */ = {
			isa = PBXGroup;
			children = (
				FC6AE21628BE369100E613E8 /* FeedCacheTestHelpers.swift */,
				FC6AE20A28BCA04300E613E8 /* FeedStoreSpy.swift */,
			);
			path = Helpers;
			sourceTree = "<group>";
		};
		FC84E50628B12A40002EB80C /* Feed Cache */ = {
			isa = PBXGroup;
			children = (
				FC2CD3F128C09F7100EACF17 /* FeedStoreSpecs */,
				FC6AE20928BCA03600E613E8 /* Helpers */,
				FC84E50728B12A5E002EB80C /* CacheFeedUseCaseTests.swift */,
				FC6AE20728BC9E0F00E613E8 /* LoadFeedFromCacheUseCaseTests.swift */,
				FC6AE20E28BE24C700E613E8 /* ValidateFeedCacheUseCase.swift */,
				FC42FAD028C3542200B068C5 /* CoreDataFeedStoreTests.swift */,
			);
			path = "Feed Cache";
			sourceTree = "<group>";
		};
		FC99CFE828C5F165000D527B /* feed-app-iOS */ = {
			isa = PBXGroup;
			children = (
				FC6476CC2920BCDB00BF980B /* Feed Image Loader */,
				FC6476CF2920BD1300BF980B /* Feed UI */,
			);
			path = "feed-app-iOS";
			sourceTree = "<group>";
		};
		FC99CFF228C5F166000D527B /* feed-app-iOSTests */ = {
			isa = PBXGroup;
			children = (
				FCC306A828C86F3F009FEAE0 /* FeedViewControllerTests.swift */,
			);
			path = "feed-app-iOSTests";
			sourceTree = "<group>";
		};
		FCA7282C28955B5C00560FBD = {
			isa = PBXGroup;
			children = (
				FCA7283828955B5C00560FBD /* feed-app */,
				FCA7284228955B5C00560FBD /* feed-appTests */,
				FCCFCFA228A8324B0095D3E7 /* feed-appEndToEndTests */,
				FC42FAE528C47D0400B068C5 /* feed_appCacheIntegrationTests */,
				FC99CFE828C5F165000D527B /* feed-app-iOS */,
				FC99CFF228C5F166000D527B /* feed-app-iOSTests */,
				FCA7283728955B5C00560FBD /* Products */,
				FCC306AA28C874CC009FEAE0 /* Frameworks */,
			);
			sourceTree = "<group>";
		};
		FCA7283728955B5C00560FBD /* Products */ = {
			isa = PBXGroup;
			children = (
				FCA7283628955B5C00560FBD /* feed_app.framework */,
				FCA7283E28955B5C00560FBD /* feed-appTests.xctest */,
				FCCFCFA128A8324B0095D3E7 /* feed-appEndToEndTests.xctest */,
				FC42FAE428C47D0400B068C5 /* feed_appCacheIntegrationTests.xctest */,
				FC99CFE728C5F165000D527B /* feed_app_iOS.framework */,
				FC99CFEE28C5F166000D527B /* feed-app-iOSTests.xctest */,
			);
			name = Products;
			sourceTree = "<group>";
		};
		FCA7283828955B5C00560FBD /* feed-app */ = {
			isa = PBXGroup;
			children = (
				FC6534F828B8ECC600E23505 /* Feed Cache */,
				FCA7285228955D7F00560FBD /* Feed Feature */,
				FCA7285528962FA300560FBD /* Feed API */,
			);
			path = "feed-app";
			sourceTree = "<group>";
		};
		FCA7284228955B5C00560FBD /* feed-appTests */ = {
			isa = PBXGroup;
			children = (
				FCCFCF9828A792010095D3E7 /* Helpers */,
				FC84E50628B12A40002EB80C /* Feed Cache */,
				FCCFCF9328A265D00095D3E7 /* Feed API */,
			);
			path = "feed-appTests";
			sourceTree = "<group>";
		};
		FCA7285228955D7F00560FBD /* Feed Feature */ = {
			isa = PBXGroup;
			children = (
				FCA7284E28955BA800560FBD /* FeedImage.swift */,
				FCA7285028955C8100560FBD /* FeedLoader.swift */,
			);
			path = "Feed Feature";
			sourceTree = "<group>";
		};
		FCA7285528962FA300560FBD /* Feed API */ = {
			isa = PBXGroup;
			children = (
				FCCFCF9128A25CB70095D3E7 /* FeedItemMapper.swift */,
				FCCFCF8F28A25C7B0095D3E7 /* HTTPClient.swift */,
				FC37EF7528BC0FD0003B77DA /* RemoteFeedItem.swift */,
				FCA7285328962FA000560FBD /* RemoteFeedLoader.swift */,
				FCCFCF9B28A82E010095D3E7 /* URLSessionHTTPClient.swift */,
			);
			path = "Feed API";
			sourceTree = "<group>";
		};
		FCB24D8F2923794B00A08034 /* Models */ = {
			isa = PBXGroup;
			children = (
				FCB24D9229237EC400A08034 /* FeedImageViewModel.swift */,
				FCB24D902923795700A08034 /* FeedViewModel.swift */,
			);
			path = Models;
			sourceTree = "<group>";
		};
		FCC306AA28C874CC009FEAE0 /* Frameworks */ = {
			isa = PBXGroup;
			children = (
			);
			name = Frameworks;
			sourceTree = "<group>";
		};
		FCCFCF9328A265D00095D3E7 /* Feed API */ = {
			isa = PBXGroup;
			children = (
				FCA7284328955B5C00560FBD /* LoadFeedFromRemoteUseCaseTests.swift */,
				FCCFCF9628A618780095D3E7 /* URLSessionHTTPClientTests.swift */,
			);
			path = "Feed API";
			sourceTree = "<group>";
		};
		FCCFCF9828A792010095D3E7 /* Helpers */ = {
			isa = PBXGroup;
			children = (
				FC6AE21228BE29C800E613E8 /* SharedTestHelpers.swift */,
				FCCFCF9928A7922C0095D3E7 /* XCTestCase+MemoryLeakTracking.swift */,
			);
			path = Helpers;
			sourceTree = "<group>";
		};
		FCCFCFA228A8324B0095D3E7 /* feed-appEndToEndTests */ = {
			isa = PBXGroup;
			children = (
				FCCFCFA328A8324B0095D3E7 /* feed_appEndToEndTests.swift */,
			);
			path = "feed-appEndToEndTests";
			sourceTree = "<group>";
		};
/* End PBXGroup section */

/* Begin PBXHeadersBuildPhase section */
		FC99CFE228C5F165000D527B /* Headers */ = {
			isa = PBXHeadersBuildPhase;
			buildActionMask = 2147483647;
			files = (
			);
			runOnlyForDeploymentPostprocessing = 0;
		};
		FCA7283128955B5C00560FBD /* Headers */ = {
			isa = PBXHeadersBuildPhase;
			buildActionMask = 2147483647;
			files = (
			);
			runOnlyForDeploymentPostprocessing = 0;
		};
/* End PBXHeadersBuildPhase section */

/* Begin PBXNativeTarget section */
		FC42FAE328C47D0400B068C5 /* feed_appCacheIntegrationTests */ = {
			isa = PBXNativeTarget;
			buildConfigurationList = FC42FAEB28C47D0400B068C5 /* Build configuration list for PBXNativeTarget "feed_appCacheIntegrationTests" */;
			buildPhases = (
				FC42FAE028C47D0400B068C5 /* Sources */,
				FC42FAE128C47D0400B068C5 /* Frameworks */,
				FC42FAE228C47D0400B068C5 /* Resources */,
			);
			buildRules = (
			);
			dependencies = (
				FC42FAEA28C47D0400B068C5 /* PBXTargetDependency */,
			);
			name = feed_appCacheIntegrationTests;
			productName = feed_appCacheIntegrationTests;
			productReference = FC42FAE428C47D0400B068C5 /* feed_appCacheIntegrationTests.xctest */;
			productType = "com.apple.product-type.bundle.unit-test";
		};
		FC99CFE628C5F165000D527B /* feed-app-iOS */ = {
			isa = PBXNativeTarget;
			buildConfigurationList = FC99CFF628C5F166000D527B /* Build configuration list for PBXNativeTarget "feed-app-iOS" */;
			buildPhases = (
				FC99CFE228C5F165000D527B /* Headers */,
				FC99CFE328C5F165000D527B /* Sources */,
				FC99CFE428C5F165000D527B /* Frameworks */,
				FC99CFE528C5F165000D527B /* Resources */,
				FCC306AF28C874CC009FEAE0 /* Embed Frameworks */,
			);
			buildRules = (
			);
			dependencies = (
				FCC306AE28C874CC009FEAE0 /* PBXTargetDependency */,
			);
			name = "feed-app-iOS";
			productName = "feed-app-iOS";
			productReference = FC99CFE728C5F165000D527B /* feed_app_iOS.framework */;
			productType = "com.apple.product-type.framework";
		};
		FC99CFED28C5F166000D527B /* feed-app-iOSTests */ = {
			isa = PBXNativeTarget;
			buildConfigurationList = FC99CFF928C5F166000D527B /* Build configuration list for PBXNativeTarget "feed-app-iOSTests" */;
			buildPhases = (
				FC99CFEA28C5F166000D527B /* Sources */,
				FC99CFEB28C5F166000D527B /* Frameworks */,
				FC99CFEC28C5F166000D527B /* Resources */,
			);
			buildRules = (
			);
			dependencies = (
				FC99CFF128C5F166000D527B /* PBXTargetDependency */,
			);
			name = "feed-app-iOSTests";
			productName = "feed-app-iOSTests";
			productReference = FC99CFEE28C5F166000D527B /* feed-app-iOSTests.xctest */;
			productType = "com.apple.product-type.bundle.unit-test";
		};
		FCA7283528955B5C00560FBD /* feed-app */ = {
			isa = PBXNativeTarget;
			buildConfigurationList = FCA7284828955B5C00560FBD /* Build configuration list for PBXNativeTarget "feed-app" */;
			buildPhases = (
				FCA7283128955B5C00560FBD /* Headers */,
				FCA7283228955B5C00560FBD /* Sources */,
				FCA7283328955B5C00560FBD /* Frameworks */,
				FCA7283428955B5C00560FBD /* Resources */,
			);
			buildRules = (
			);
			dependencies = (
			);
			name = "feed-app";
			productName = "feed-app";
			productReference = FCA7283628955B5C00560FBD /* feed_app.framework */;
			productType = "com.apple.product-type.framework";
		};
		FCA7283D28955B5C00560FBD /* feed-appTests */ = {
			isa = PBXNativeTarget;
			buildConfigurationList = FCA7284B28955B5C00560FBD /* Build configuration list for PBXNativeTarget "feed-appTests" */;
			buildPhases = (
				FCA7283A28955B5C00560FBD /* Sources */,
				FCA7283B28955B5C00560FBD /* Frameworks */,
				FCA7283C28955B5C00560FBD /* Resources */,
			);
			buildRules = (
			);
			dependencies = (
				FCA7284128955B5C00560FBD /* PBXTargetDependency */,
			);
			name = "feed-appTests";
			productName = "feed-appTests";
			productReference = FCA7283E28955B5C00560FBD /* feed-appTests.xctest */;
			productType = "com.apple.product-type.bundle.unit-test";
		};
		FCCFCFA028A8324B0095D3E7 /* feed-appEndToEndTests */ = {
			isa = PBXNativeTarget;
			buildConfigurationList = FCCFCFA828A8324B0095D3E7 /* Build configuration list for PBXNativeTarget "feed-appEndToEndTests" */;
			buildPhases = (
				FCCFCF9D28A8324B0095D3E7 /* Sources */,
				FCCFCF9E28A8324B0095D3E7 /* Frameworks */,
				FCCFCF9F28A8324B0095D3E7 /* Resources */,
			);
			buildRules = (
			);
			dependencies = (
				FCCFCFA728A8324B0095D3E7 /* PBXTargetDependency */,
			);
			name = "feed-appEndToEndTests";
			productName = "feed-appEndToEndTests";
			productReference = FCCFCFA128A8324B0095D3E7 /* feed-appEndToEndTests.xctest */;
			productType = "com.apple.product-type.bundle.unit-test";
		};
/* End PBXNativeTarget section */

/* Begin PBXProject section */
		FCA7282D28955B5C00560FBD /* Project object */ = {
			isa = PBXProject;
			attributes = {
				BuildIndependentTargetsInParallel = 1;
				LastSwiftUpdateCheck = 1340;
				LastUpgradeCheck = 1340;
				TargetAttributes = {
					FC42FAE328C47D0400B068C5 = {
						CreatedOnToolsVersion = 13.4.1;
					};
					FC99CFE628C5F165000D527B = {
						CreatedOnToolsVersion = 13.4.1;
						LastSwiftMigration = 1340;
					};
					FC99CFED28C5F166000D527B = {
						CreatedOnToolsVersion = 13.4.1;
						LastSwiftMigration = 1340;
					};
					FCA7283528955B5C00560FBD = {
						CreatedOnToolsVersion = 13.4.1;
						LastSwiftMigration = 1340;
					};
					FCA7283D28955B5C00560FBD = {
						CreatedOnToolsVersion = 13.4.1;
					};
					FCCFCFA028A8324B0095D3E7 = {
						CreatedOnToolsVersion = 13.4.1;
					};
				};
			};
			buildConfigurationList = FCA7283028955B5C00560FBD /* Build configuration list for PBXProject "feed-app" */;
			compatibilityVersion = "Xcode 13.0";
			developmentRegion = en;
			hasScannedForEncodings = 0;
			knownRegions = (
				en,
				Base,
			);
			mainGroup = FCA7282C28955B5C00560FBD;
			productRefGroup = FCA7283728955B5C00560FBD /* Products */;
			projectDirPath = "";
			projectRoot = "";
			targets = (
				FCA7283528955B5C00560FBD /* feed-app */,
				FCA7283D28955B5C00560FBD /* feed-appTests */,
				FCCFCFA028A8324B0095D3E7 /* feed-appEndToEndTests */,
				FC42FAE328C47D0400B068C5 /* feed_appCacheIntegrationTests */,
				FC99CFE628C5F165000D527B /* feed-app-iOS */,
				FC99CFED28C5F166000D527B /* feed-app-iOSTests */,
			);
		};
/* End PBXProject section */

/* Begin PBXResourcesBuildPhase section */
		FC42FAE228C47D0400B068C5 /* Resources */ = {
			isa = PBXResourcesBuildPhase;
			buildActionMask = 2147483647;
			files = (
			);
			runOnlyForDeploymentPostprocessing = 0;
		};
		FC99CFE528C5F165000D527B /* Resources */ = {
			isa = PBXResourcesBuildPhase;
			buildActionMask = 2147483647;
			files = (
			);
			runOnlyForDeploymentPostprocessing = 0;
		};
		FC99CFEC28C5F166000D527B /* Resources */ = {
			isa = PBXResourcesBuildPhase;
			buildActionMask = 2147483647;
			files = (
			);
			runOnlyForDeploymentPostprocessing = 0;
		};
		FCA7283428955B5C00560FBD /* Resources */ = {
			isa = PBXResourcesBuildPhase;
			buildActionMask = 2147483647;
			files = (
			);
			runOnlyForDeploymentPostprocessing = 0;
		};
		FCA7283C28955B5C00560FBD /* Resources */ = {
			isa = PBXResourcesBuildPhase;
			buildActionMask = 2147483647;
			files = (
			);
			runOnlyForDeploymentPostprocessing = 0;
		};
		FCCFCF9F28A8324B0095D3E7 /* Resources */ = {
			isa = PBXResourcesBuildPhase;
			buildActionMask = 2147483647;
			files = (
			);
			runOnlyForDeploymentPostprocessing = 0;
		};
/* End PBXResourcesBuildPhase section */

/* Begin PBXSourcesBuildPhase section */
		FC42FAE028C47D0400B068C5 /* Sources */ = {
			isa = PBXSourcesBuildPhase;
			buildActionMask = 2147483647;
			files = (
				FC42FAF028C480F800B068C5 /* FeedCacheTestHelpers.swift in Sources */,
				FC42FAE728C47D0400B068C5 /* feed_appCacheIntegrationTests.swift in Sources */,
				FC42FAEE28C47E6A00B068C5 /* XCTestCase+MemoryLeakTracking.swift in Sources */,
				FC42FAEF28C480CD00B068C5 /* SharedTestHelpers.swift in Sources */,
			);
			runOnlyForDeploymentPostprocessing = 0;
		};
		FC99CFE328C5F165000D527B /* Sources */ = {
			isa = PBXSourcesBuildPhase;
			buildActionMask = 2147483647;
			files = (
				FC6476CE2920BCF600BF980B /* FeedImageDataLoader.swift in Sources */,
				FC6476D32920C8B700BF980B /* FeedRefreshViewController.swift in Sources */,
				FC6476AD2918FD1200BF980B /* UIView+Shimmering.swift in Sources */,
				FCC306B228C8839F009FEAE0 /* FeedViewController.swift in Sources */,
				FCD41DE728CDFCF1003A3BAE /* FeedImageCell.swift in Sources */,
				FCB24D9329237EC400A08034 /* FeedImageViewModel.swift in Sources */,
				FCB24D912923795700A08034 /* FeedViewModel.swift in Sources */,
				FC6476D5292231B500BF980B /* FeedImageCellController.swift in Sources */,
				FC6476D8292236C900BF980B /* FeedUIComposer.swift in Sources */,
			);
			runOnlyForDeploymentPostprocessing = 0;
		};
		FC99CFEA28C5F166000D527B /* Sources */ = {
			isa = PBXSourcesBuildPhase;
			buildActionMask = 2147483647;
			files = (
				FCC306A928C86F3F009FEAE0 /* FeedViewControllerTests.swift in Sources */,
				FCC306B028C875A4009FEAE0 /* XCTestCase+MemoryLeakTracking.swift in Sources */,
			);
			runOnlyForDeploymentPostprocessing = 0;
		};
		FCA7283228955B5C00560FBD /* Sources */ = {
			isa = PBXSourcesBuildPhase;
			buildActionMask = 2147483647;
			files = (
				FC42FADB28C3E91C00B068C5 /* CoreDataHelpers.swift in Sources */,
				FCA7285128955C8100560FBD /* FeedLoader.swift in Sources */,
				FCCFCF9228A25CB70095D3E7 /* FeedItemMapper.swift in Sources */,
				FC37EF7628BC0FD0003B77DA /* RemoteFeedItem.swift in Sources */,
				FC6AE21528BE337B00E613E8 /* FeedCachePolicy.swift in Sources */,
				FCA7285428962FA000560FBD /* RemoteFeedLoader.swift in Sources */,
				FC42FAD628C35A0500B068C5 /* FeedStore.xcdatamodeld in Sources */,
				FC37EF7828BC0FF5003B77DA /* LocalFeedImage.swift in Sources */,
				FC6534FC28B8ECEF00E23505 /* FeedStore.swift in Sources */,
				FC6534FA28B8ECD400E23505 /* LocalFeedLoader.swift in Sources */,
				FCCFCF9028A25C7B0095D3E7 /* HTTPClient.swift in Sources */,
				FCA7284F28955BA800560FBD /* FeedImage.swift in Sources */,
				FCCFCF9C28A82E010095D3E7 /* URLSessionHTTPClient.swift in Sources */,
				FC42FADD28C3EA7C00B068C5 /* ManagedCache.swift in Sources */,
				FC42FAD328C354FE00B068C5 /* CoreDataFeedStore.swift in Sources */,
				FC42FADF28C3EA9900B068C5 /* ManagedFeedImage.swift in Sources */,
			);
			runOnlyForDeploymentPostprocessing = 0;
		};
		FCA7283A28955B5C00560FBD /* Sources */ = {
			isa = PBXSourcesBuildPhase;
			buildActionMask = 2147483647;
			files = (
				FCA7284428955B5C00560FBD /* LoadFeedFromRemoteUseCaseTests.swift in Sources */,
				FC2CD3F328C09F8800EACF17 /* XCTestCase+FailableDeleteFeedStoreSpecs.swift in Sources */,
				FCCFCF9728A618780095D3E7 /* URLSessionHTTPClientTests.swift in Sources */,
				FC6AE20B28BCA04300E613E8 /* FeedStoreSpy.swift in Sources */,
				FC2CD3F528C09FA300EACF17 /* XCTestCase+FailableInsertFeedStoreSpecs.swift in Sources */,
				FC84E50828B12A5E002EB80C /* CacheFeedUseCaseTests.swift in Sources */,
				FC6AE21728BE369100E613E8 /* FeedCacheTestHelpers.swift in Sources */,
				FC2CD3F728C09FC200EACF17 /* XCTestCase+FailableRetrieveFeedStoreSpecs.swift in Sources */,
				FC6AE21328BE29C800E613E8 /* SharedTestHelpers.swift in Sources */,
				FC6AE20F28BE24C700E613E8 /* ValidateFeedCacheUseCase.swift in Sources */,
				FC6AE20828BC9E0F00E613E8 /* LoadFeedFromCacheUseCaseTests.swift in Sources */,
				FC2CD3EE28C09D7400EACF17 /* FeedStoreSpecs.swift in Sources */,
				FCCFCF9A28A7922C0095D3E7 /* XCTestCase+MemoryLeakTracking.swift in Sources */,
				FC42FAD128C3542200B068C5 /* CoreDataFeedStoreTests.swift in Sources */,
				FC2CD3F028C09DE400EACF17 /* XCTestCase+FeedStoreSpecs.swift in Sources */,
			);
			runOnlyForDeploymentPostprocessing = 0;
		};
		FCCFCF9D28A8324B0095D3E7 /* Sources */ = {
			isa = PBXSourcesBuildPhase;
			buildActionMask = 2147483647;
			files = (
				FCCFCFA428A8324B0095D3E7 /* feed_appEndToEndTests.swift in Sources */,
				FCCD702828A8392B00561F1B /* XCTestCase+MemoryLeakTracking.swift in Sources */,
			);
			runOnlyForDeploymentPostprocessing = 0;
		};
/* End PBXSourcesBuildPhase section */

/* Begin PBXTargetDependency section */
		FC42FAEA28C47D0400B068C5 /* PBXTargetDependency */ = {
			isa = PBXTargetDependency;
			target = FCA7283528955B5C00560FBD /* feed-app */;
			targetProxy = FC42FAE928C47D0400B068C5 /* PBXContainerItemProxy */;
		};
		FC99CFF128C5F166000D527B /* PBXTargetDependency */ = {
			isa = PBXTargetDependency;
			target = FC99CFE628C5F165000D527B /* feed-app-iOS */;
			targetProxy = FC99CFF028C5F166000D527B /* PBXContainerItemProxy */;
		};
		FCA7284128955B5C00560FBD /* PBXTargetDependency */ = {
			isa = PBXTargetDependency;
			target = FCA7283528955B5C00560FBD /* feed-app */;
			targetProxy = FCA7284028955B5C00560FBD /* PBXContainerItemProxy */;
		};
		FCC306AE28C874CC009FEAE0 /* PBXTargetDependency */ = {
			isa = PBXTargetDependency;
			target = FCA7283528955B5C00560FBD /* feed-app */;
			targetProxy = FCC306AD28C874CC009FEAE0 /* PBXContainerItemProxy */;
		};
		FCCFCFA728A8324B0095D3E7 /* PBXTargetDependency */ = {
			isa = PBXTargetDependency;
			target = FCA7283528955B5C00560FBD /* feed-app */;
			targetProxy = FCCFCFA628A8324B0095D3E7 /* PBXContainerItemProxy */;
		};
/* End PBXTargetDependency section */

/* Begin XCBuildConfiguration section */
		FC42FAEC28C47D0400B068C5 /* Debug */ = {
			isa = XCBuildConfiguration;
			buildSettings = {
				CODE_SIGN_STYLE = Automatic;
				CURRENT_PROJECT_VERSION = 1;
				DEVELOPMENT_TEAM = G3K5V92P7X;
				GENERATE_INFOPLIST_FILE = YES;
				IPHONEOS_DEPLOYMENT_TARGET = 15.5;
				MARKETING_VERSION = 1.0;
				PRODUCT_BUNDLE_IDENTIFIER = "com.feed-appCacheIntegrationTests";
				PRODUCT_NAME = "$(TARGET_NAME)";
				SUPPORTED_PLATFORMS = "macosx iphonesimulator iphoneos";
				SWIFT_EMIT_LOC_STRINGS = NO;
				SWIFT_VERSION = 5.0;
			};
			name = Debug;
		};
		FC42FAED28C47D0400B068C5 /* Release */ = {
			isa = XCBuildConfiguration;
			buildSettings = {
				CODE_SIGN_STYLE = Automatic;
				CURRENT_PROJECT_VERSION = 1;
				DEVELOPMENT_TEAM = G3K5V92P7X;
				GENERATE_INFOPLIST_FILE = YES;
				IPHONEOS_DEPLOYMENT_TARGET = 15.5;
				MARKETING_VERSION = 1.0;
				PRODUCT_BUNDLE_IDENTIFIER = "com.feed-appCacheIntegrationTests";
				PRODUCT_NAME = "$(TARGET_NAME)";
				SUPPORTED_PLATFORMS = "macosx iphonesimulator iphoneos";
				SWIFT_EMIT_LOC_STRINGS = NO;
				SWIFT_VERSION = 5.0;
			};
			name = Release;
		};
		FC99CFF728C5F166000D527B /* Debug */ = {
			isa = XCBuildConfiguration;
			buildSettings = {
				CLANG_ENABLE_MODULES = YES;
				CODE_SIGN_STYLE = Automatic;
				CURRENT_PROJECT_VERSION = 1;
				DEFINES_MODULE = YES;
				DEVELOPMENT_TEAM = G3K5V92P7X;
				DYLIB_COMPATIBILITY_VERSION = 1;
				DYLIB_CURRENT_VERSION = 1;
				DYLIB_INSTALL_NAME_BASE = "@rpath";
				GENERATE_INFOPLIST_FILE = YES;
				INFOPLIST_KEY_NSHumanReadableCopyright = "";
				INSTALL_PATH = "$(LOCAL_LIBRARY_DIR)/Frameworks";
				IPHONEOS_DEPLOYMENT_TARGET = 15.5;
				LD_RUNPATH_SEARCH_PATHS = (
					"$(inherited)",
					"@executable_path/Frameworks",
					"@loader_path/Frameworks",
				);
				MARKETING_VERSION = 1.0;
				PRODUCT_BUNDLE_IDENTIFIER = "com.feed-app-iOS";
				PRODUCT_NAME = "$(TARGET_NAME:c99extidentifier)";
				SDKROOT = iphoneos;
				SKIP_INSTALL = YES;
				SWIFT_EMIT_LOC_STRINGS = YES;
				SWIFT_OPTIMIZATION_LEVEL = "-Onone";
				SWIFT_VERSION = 5.0;
				TARGETED_DEVICE_FAMILY = "1,2";
			};
			name = Debug;
		};
		FC99CFF828C5F166000D527B /* Release */ = {
			isa = XCBuildConfiguration;
			buildSettings = {
				CLANG_ENABLE_MODULES = YES;
				CODE_SIGN_STYLE = Automatic;
				CURRENT_PROJECT_VERSION = 1;
				DEFINES_MODULE = YES;
				DEVELOPMENT_TEAM = G3K5V92P7X;
				DYLIB_COMPATIBILITY_VERSION = 1;
				DYLIB_CURRENT_VERSION = 1;
				DYLIB_INSTALL_NAME_BASE = "@rpath";
				GENERATE_INFOPLIST_FILE = YES;
				INFOPLIST_KEY_NSHumanReadableCopyright = "";
				INSTALL_PATH = "$(LOCAL_LIBRARY_DIR)/Frameworks";
				IPHONEOS_DEPLOYMENT_TARGET = 15.5;
				LD_RUNPATH_SEARCH_PATHS = (
					"$(inherited)",
					"@executable_path/Frameworks",
					"@loader_path/Frameworks",
				);
				MARKETING_VERSION = 1.0;
				PRODUCT_BUNDLE_IDENTIFIER = "com.feed-app-iOS";
				PRODUCT_NAME = "$(TARGET_NAME:c99extidentifier)";
				SDKROOT = iphoneos;
				SKIP_INSTALL = YES;
				SWIFT_EMIT_LOC_STRINGS = YES;
				SWIFT_VERSION = 5.0;
				TARGETED_DEVICE_FAMILY = "1,2";
				VALIDATE_PRODUCT = YES;
			};
			name = Release;
		};
		FC99CFFA28C5F166000D527B /* Debug */ = {
			isa = XCBuildConfiguration;
			buildSettings = {
				ALWAYS_EMBED_SWIFT_STANDARD_LIBRARIES = YES;
				CLANG_ENABLE_MODULES = YES;
				CODE_SIGN_STYLE = Automatic;
				CURRENT_PROJECT_VERSION = 1;
				DEVELOPMENT_TEAM = G3K5V92P7X;
				GENERATE_INFOPLIST_FILE = YES;
				IPHONEOS_DEPLOYMENT_TARGET = 15.5;
				LD_RUNPATH_SEARCH_PATHS = (
					"$(inherited)",
					"@executable_path/Frameworks",
					"@loader_path/Frameworks",
				);
				MARKETING_VERSION = 1.0;
				PRODUCT_BUNDLE_IDENTIFIER = "com.feed-app-iOSTests";
				PRODUCT_NAME = "$(TARGET_NAME)";
				SDKROOT = iphoneos;
				SWIFT_EMIT_LOC_STRINGS = NO;
				SWIFT_INSTALL_OBJC_HEADER = YES;
				SWIFT_OBJC_BRIDGING_HEADER = "";
				SWIFT_OPTIMIZATION_LEVEL = "-Onone";
				SWIFT_VERSION = 5.0;
				TARGETED_DEVICE_FAMILY = "1,2";
			};
			name = Debug;
		};
		FC99CFFB28C5F166000D527B /* Release */ = {
			isa = XCBuildConfiguration;
			buildSettings = {
				ALWAYS_EMBED_SWIFT_STANDARD_LIBRARIES = YES;
				CLANG_ENABLE_MODULES = YES;
				CODE_SIGN_STYLE = Automatic;
				CURRENT_PROJECT_VERSION = 1;
				DEVELOPMENT_TEAM = G3K5V92P7X;
				GENERATE_INFOPLIST_FILE = YES;
				IPHONEOS_DEPLOYMENT_TARGET = 15.5;
				LD_RUNPATH_SEARCH_PATHS = (
					"$(inherited)",
					"@executable_path/Frameworks",
					"@loader_path/Frameworks",
				);
				MARKETING_VERSION = 1.0;
				PRODUCT_BUNDLE_IDENTIFIER = "com.feed-app-iOSTests";
				PRODUCT_NAME = "$(TARGET_NAME)";
				SDKROOT = iphoneos;
				SWIFT_EMIT_LOC_STRINGS = NO;
				SWIFT_INSTALL_OBJC_HEADER = YES;
				SWIFT_OBJC_BRIDGING_HEADER = "";
				SWIFT_VERSION = 5.0;
				TARGETED_DEVICE_FAMILY = "1,2";
				VALIDATE_PRODUCT = YES;
			};
			name = Release;
		};
		FCA7284628955B5C00560FBD /* Debug */ = {
			isa = XCBuildConfiguration;
			buildSettings = {
				ALWAYS_SEARCH_USER_PATHS = NO;
				CLANG_ANALYZER_NONNULL = YES;
				CLANG_ANALYZER_NUMBER_OBJECT_CONVERSION = YES_AGGRESSIVE;
				CLANG_CXX_LANGUAGE_STANDARD = "gnu++17";
				CLANG_ENABLE_MODULES = YES;
				CLANG_ENABLE_OBJC_ARC = YES;
				CLANG_ENABLE_OBJC_WEAK = YES;
				CLANG_WARN_BLOCK_CAPTURE_AUTORELEASING = YES;
				CLANG_WARN_BOOL_CONVERSION = YES;
				CLANG_WARN_COMMA = YES;
				CLANG_WARN_CONSTANT_CONVERSION = YES;
				CLANG_WARN_DEPRECATED_OBJC_IMPLEMENTATIONS = YES;
				CLANG_WARN_DIRECT_OBJC_ISA_USAGE = YES_ERROR;
				CLANG_WARN_DOCUMENTATION_COMMENTS = YES;
				CLANG_WARN_EMPTY_BODY = YES;
				CLANG_WARN_ENUM_CONVERSION = YES;
				CLANG_WARN_INFINITE_RECURSION = YES;
				CLANG_WARN_INT_CONVERSION = YES;
				CLANG_WARN_NON_LITERAL_NULL_CONVERSION = YES;
				CLANG_WARN_OBJC_IMPLICIT_RETAIN_SELF = YES;
				CLANG_WARN_OBJC_LITERAL_CONVERSION = YES;
				CLANG_WARN_OBJC_ROOT_CLASS = YES_ERROR;
				CLANG_WARN_QUOTED_INCLUDE_IN_FRAMEWORK_HEADER = YES;
				CLANG_WARN_RANGE_LOOP_ANALYSIS = YES;
				CLANG_WARN_STRICT_PROTOTYPES = YES;
				CLANG_WARN_SUSPICIOUS_MOVE = YES;
				CLANG_WARN_UNGUARDED_AVAILABILITY = YES_AGGRESSIVE;
				CLANG_WARN_UNREACHABLE_CODE = YES;
				CLANG_WARN__DUPLICATE_METHOD_MATCH = YES;
				COPY_PHASE_STRIP = NO;
				CURRENT_PROJECT_VERSION = 1;
				DEBUG_INFORMATION_FORMAT = dwarf;
				ENABLE_STRICT_OBJC_MSGSEND = YES;
				ENABLE_TESTABILITY = YES;
				GCC_C_LANGUAGE_STANDARD = gnu11;
				GCC_DYNAMIC_NO_PIC = NO;
				GCC_NO_COMMON_BLOCKS = YES;
				GCC_OPTIMIZATION_LEVEL = 0;
				GCC_PREPROCESSOR_DEFINITIONS = (
					"DEBUG=1",
					"$(inherited)",
				);
				GCC_WARN_64_TO_32_BIT_CONVERSION = YES;
				GCC_WARN_ABOUT_RETURN_TYPE = YES_ERROR;
				GCC_WARN_UNDECLARED_SELECTOR = YES;
				GCC_WARN_UNINITIALIZED_AUTOS = YES_AGGRESSIVE;
				GCC_WARN_UNUSED_FUNCTION = YES;
				GCC_WARN_UNUSED_VARIABLE = YES;
				MACOSX_DEPLOYMENT_TARGET = 12.3;
				MTL_ENABLE_DEBUG_INFO = INCLUDE_SOURCE;
				MTL_FAST_MATH = YES;
				ONLY_ACTIVE_ARCH = YES;
				SDKROOT = macosx;
				SWIFT_ACTIVE_COMPILATION_CONDITIONS = DEBUG;
				SWIFT_OPTIMIZATION_LEVEL = "-Onone";
				VERSIONING_SYSTEM = "apple-generic";
				VERSION_INFO_PREFIX = "";
			};
			name = Debug;
		};
		FCA7284728955B5C00560FBD /* Release */ = {
			isa = XCBuildConfiguration;
			buildSettings = {
				ALWAYS_SEARCH_USER_PATHS = NO;
				CLANG_ANALYZER_NONNULL = YES;
				CLANG_ANALYZER_NUMBER_OBJECT_CONVERSION = YES_AGGRESSIVE;
				CLANG_CXX_LANGUAGE_STANDARD = "gnu++17";
				CLANG_ENABLE_MODULES = YES;
				CLANG_ENABLE_OBJC_ARC = YES;
				CLANG_ENABLE_OBJC_WEAK = YES;
				CLANG_WARN_BLOCK_CAPTURE_AUTORELEASING = YES;
				CLANG_WARN_BOOL_CONVERSION = YES;
				CLANG_WARN_COMMA = YES;
				CLANG_WARN_CONSTANT_CONVERSION = YES;
				CLANG_WARN_DEPRECATED_OBJC_IMPLEMENTATIONS = YES;
				CLANG_WARN_DIRECT_OBJC_ISA_USAGE = YES_ERROR;
				CLANG_WARN_DOCUMENTATION_COMMENTS = YES;
				CLANG_WARN_EMPTY_BODY = YES;
				CLANG_WARN_ENUM_CONVERSION = YES;
				CLANG_WARN_INFINITE_RECURSION = YES;
				CLANG_WARN_INT_CONVERSION = YES;
				CLANG_WARN_NON_LITERAL_NULL_CONVERSION = YES;
				CLANG_WARN_OBJC_IMPLICIT_RETAIN_SELF = YES;
				CLANG_WARN_OBJC_LITERAL_CONVERSION = YES;
				CLANG_WARN_OBJC_ROOT_CLASS = YES_ERROR;
				CLANG_WARN_QUOTED_INCLUDE_IN_FRAMEWORK_HEADER = YES;
				CLANG_WARN_RANGE_LOOP_ANALYSIS = YES;
				CLANG_WARN_STRICT_PROTOTYPES = YES;
				CLANG_WARN_SUSPICIOUS_MOVE = YES;
				CLANG_WARN_UNGUARDED_AVAILABILITY = YES_AGGRESSIVE;
				CLANG_WARN_UNREACHABLE_CODE = YES;
				CLANG_WARN__DUPLICATE_METHOD_MATCH = YES;
				COPY_PHASE_STRIP = NO;
				CURRENT_PROJECT_VERSION = 1;
				DEBUG_INFORMATION_FORMAT = "dwarf-with-dsym";
				ENABLE_NS_ASSERTIONS = NO;
				ENABLE_STRICT_OBJC_MSGSEND = YES;
				GCC_C_LANGUAGE_STANDARD = gnu11;
				GCC_NO_COMMON_BLOCKS = YES;
				GCC_WARN_64_TO_32_BIT_CONVERSION = YES;
				GCC_WARN_ABOUT_RETURN_TYPE = YES_ERROR;
				GCC_WARN_UNDECLARED_SELECTOR = YES;
				GCC_WARN_UNINITIALIZED_AUTOS = YES_AGGRESSIVE;
				GCC_WARN_UNUSED_FUNCTION = YES;
				GCC_WARN_UNUSED_VARIABLE = YES;
				MACOSX_DEPLOYMENT_TARGET = 12.3;
				MTL_ENABLE_DEBUG_INFO = NO;
				MTL_FAST_MATH = YES;
				SDKROOT = macosx;
				SWIFT_COMPILATION_MODE = wholemodule;
				SWIFT_OPTIMIZATION_LEVEL = "-O";
				VERSIONING_SYSTEM = "apple-generic";
				VERSION_INFO_PREFIX = "";
			};
			name = Release;
		};
		FCA7284928955B5C00560FBD /* Debug */ = {
			isa = XCBuildConfiguration;
			buildSettings = {
				CLANG_ENABLE_MODULES = YES;
				CODE_SIGN_STYLE = Automatic;
				COMBINE_HIDPI_IMAGES = YES;
				CURRENT_PROJECT_VERSION = 1;
				DEFINES_MODULE = YES;
				DEVELOPMENT_TEAM = G3K5V92P7X;
				DYLIB_COMPATIBILITY_VERSION = 1;
				DYLIB_CURRENT_VERSION = 1;
				DYLIB_INSTALL_NAME_BASE = "@rpath";
				GENERATE_INFOPLIST_FILE = YES;
				INFOPLIST_KEY_NSHumanReadableCopyright = "";
				INSTALL_PATH = "$(LOCAL_LIBRARY_DIR)/Frameworks";
				IPHONEOS_DEPLOYMENT_TARGET = 15.5;
				LD_RUNPATH_SEARCH_PATHS = (
					"$(inherited)",
					"@executable_path/../Frameworks",
					"@loader_path/Frameworks",
				);
				MARKETING_VERSION = 1.0;
				PRODUCT_BUNDLE_IDENTIFIER = "com.feed-app";
				PRODUCT_NAME = "$(TARGET_NAME:c99extidentifier)";
				SKIP_INSTALL = YES;
				SUPPORTED_PLATFORMS = "macosx iphonesimulator iphoneos";
				SWIFT_EMIT_LOC_STRINGS = YES;
				SWIFT_OPTIMIZATION_LEVEL = "-Onone";
				SWIFT_VERSION = 5.0;
				VALIDATE_WORKSPACE = YES;
			};
			name = Debug;
		};
		FCA7284A28955B5C00560FBD /* Release */ = {
			isa = XCBuildConfiguration;
			buildSettings = {
				CLANG_ENABLE_MODULES = YES;
				CODE_SIGN_STYLE = Automatic;
				COMBINE_HIDPI_IMAGES = YES;
				CURRENT_PROJECT_VERSION = 1;
				DEFINES_MODULE = YES;
				DEVELOPMENT_TEAM = G3K5V92P7X;
				DYLIB_COMPATIBILITY_VERSION = 1;
				DYLIB_CURRENT_VERSION = 1;
				DYLIB_INSTALL_NAME_BASE = "@rpath";
				GENERATE_INFOPLIST_FILE = YES;
				INFOPLIST_KEY_NSHumanReadableCopyright = "";
				INSTALL_PATH = "$(LOCAL_LIBRARY_DIR)/Frameworks";
				IPHONEOS_DEPLOYMENT_TARGET = 15.5;
				LD_RUNPATH_SEARCH_PATHS = (
					"$(inherited)",
					"@executable_path/../Frameworks",
					"@loader_path/Frameworks",
				);
				MARKETING_VERSION = 1.0;
				PRODUCT_BUNDLE_IDENTIFIER = "com.feed-app";
				PRODUCT_NAME = "$(TARGET_NAME:c99extidentifier)";
				SKIP_INSTALL = YES;
				SUPPORTED_PLATFORMS = "macosx iphonesimulator iphoneos";
				SWIFT_EMIT_LOC_STRINGS = YES;
				SWIFT_VERSION = 5.0;
				VALIDATE_WORKSPACE = YES;
			};
			name = Release;
		};
		FCA7284C28955B5C00560FBD /* Debug */ = {
			isa = XCBuildConfiguration;
			buildSettings = {
				ALWAYS_EMBED_SWIFT_STANDARD_LIBRARIES = YES;
				CODE_SIGN_STYLE = Automatic;
				CURRENT_PROJECT_VERSION = 1;
				DEVELOPMENT_TEAM = G3K5V92P7X;
				GENERATE_INFOPLIST_FILE = YES;
				IPHONEOS_DEPLOYMENT_TARGET = 15.5;
				MARKETING_VERSION = 1.0;
				PRODUCT_BUNDLE_IDENTIFIER = "com.feed-appTests";
				PRODUCT_NAME = "$(TARGET_NAME)";
				SUPPORTED_PLATFORMS = "macosx iphonesimulator iphoneos";
				SWIFT_EMIT_LOC_STRINGS = NO;
				SWIFT_VERSION = 5.0;
			};
			name = Debug;
		};
		FCA7284D28955B5C00560FBD /* Release */ = {
			isa = XCBuildConfiguration;
			buildSettings = {
				ALWAYS_EMBED_SWIFT_STANDARD_LIBRARIES = YES;
				CODE_SIGN_STYLE = Automatic;
				CURRENT_PROJECT_VERSION = 1;
				DEVELOPMENT_TEAM = G3K5V92P7X;
				GENERATE_INFOPLIST_FILE = YES;
				IPHONEOS_DEPLOYMENT_TARGET = 15.5;
				MARKETING_VERSION = 1.0;
				PRODUCT_BUNDLE_IDENTIFIER = "com.feed-appTests";
				PRODUCT_NAME = "$(TARGET_NAME)";
				SUPPORTED_PLATFORMS = "macosx iphonesimulator iphoneos";
				SWIFT_EMIT_LOC_STRINGS = NO;
				SWIFT_VERSION = 5.0;
			};
			name = Release;
		};
		FCCFCFA928A8324B0095D3E7 /* Debug */ = {
			isa = XCBuildConfiguration;
			buildSettings = {
				CODE_SIGN_STYLE = Automatic;
				CURRENT_PROJECT_VERSION = 1;
				DEVELOPMENT_TEAM = G3K5V92P7X;
				GENERATE_INFOPLIST_FILE = YES;
				IPHONEOS_DEPLOYMENT_TARGET = 15.5;
				MARKETING_VERSION = 1.0;
				PRODUCT_BUNDLE_IDENTIFIER = "com.feed-appEndToEndTests";
				PRODUCT_NAME = "$(TARGET_NAME)";
				SUPPORTED_PLATFORMS = "macosx iphonesimulator iphoneos";
				SWIFT_EMIT_LOC_STRINGS = NO;
				SWIFT_VERSION = 5.0;
			};
			name = Debug;
		};
		FCCFCFAA28A8324B0095D3E7 /* Release */ = {
			isa = XCBuildConfiguration;
			buildSettings = {
				CODE_SIGN_STYLE = Automatic;
				CURRENT_PROJECT_VERSION = 1;
				DEVELOPMENT_TEAM = G3K5V92P7X;
				GENERATE_INFOPLIST_FILE = YES;
				IPHONEOS_DEPLOYMENT_TARGET = 15.5;
				MARKETING_VERSION = 1.0;
				PRODUCT_BUNDLE_IDENTIFIER = "com.feed-appEndToEndTests";
				PRODUCT_NAME = "$(TARGET_NAME)";
				SUPPORTED_PLATFORMS = "macosx iphonesimulator iphoneos";
				SWIFT_EMIT_LOC_STRINGS = NO;
				SWIFT_VERSION = 5.0;
			};
			name = Release;
		};
/* End XCBuildConfiguration section */

/* Begin XCConfigurationList section */
		FC42FAEB28C47D0400B068C5 /* Build configuration list for PBXNativeTarget "feed_appCacheIntegrationTests" */ = {
			isa = XCConfigurationList;
			buildConfigurations = (
				FC42FAEC28C47D0400B068C5 /* Debug */,
				FC42FAED28C47D0400B068C5 /* Release */,
			);
			defaultConfigurationIsVisible = 0;
			defaultConfigurationName = Release;
		};
		FC99CFF628C5F166000D527B /* Build configuration list for PBXNativeTarget "feed-app-iOS" */ = {
			isa = XCConfigurationList;
			buildConfigurations = (
				FC99CFF728C5F166000D527B /* Debug */,
				FC99CFF828C5F166000D527B /* Release */,
			);
			defaultConfigurationIsVisible = 0;
			defaultConfigurationName = Release;
		};
		FC99CFF928C5F166000D527B /* Build configuration list for PBXNativeTarget "feed-app-iOSTests" */ = {
			isa = XCConfigurationList;
			buildConfigurations = (
				FC99CFFA28C5F166000D527B /* Debug */,
				FC99CFFB28C5F166000D527B /* Release */,
			);
			defaultConfigurationIsVisible = 0;
			defaultConfigurationName = Release;
		};
		FCA7283028955B5C00560FBD /* Build configuration list for PBXProject "feed-app" */ = {
			isa = XCConfigurationList;
			buildConfigurations = (
				FCA7284628955B5C00560FBD /* Debug */,
				FCA7284728955B5C00560FBD /* Release */,
			);
			defaultConfigurationIsVisible = 0;
			defaultConfigurationName = Release;
		};
		FCA7284828955B5C00560FBD /* Build configuration list for PBXNativeTarget "feed-app" */ = {
			isa = XCConfigurationList;
			buildConfigurations = (
				FCA7284928955B5C00560FBD /* Debug */,
				FCA7284A28955B5C00560FBD /* Release */,
			);
			defaultConfigurationIsVisible = 0;
			defaultConfigurationName = Release;
		};
		FCA7284B28955B5C00560FBD /* Build configuration list for PBXNativeTarget "feed-appTests" */ = {
			isa = XCConfigurationList;
			buildConfigurations = (
				FCA7284C28955B5C00560FBD /* Debug */,
				FCA7284D28955B5C00560FBD /* Release */,
			);
			defaultConfigurationIsVisible = 0;
			defaultConfigurationName = Release;
		};
		FCCFCFA828A8324B0095D3E7 /* Build configuration list for PBXNativeTarget "feed-appEndToEndTests" */ = {
			isa = XCConfigurationList;
			buildConfigurations = (
				FCCFCFA928A8324B0095D3E7 /* Debug */,
				FCCFCFAA28A8324B0095D3E7 /* Release */,
			);
			defaultConfigurationIsVisible = 0;
			defaultConfigurationName = Release;
		};
/* End XCConfigurationList section */

/* Begin XCVersionGroup section */
		FC42FAD428C35A0500B068C5 /* FeedStore.xcdatamodeld */ = {
			isa = XCVersionGroup;
			children = (
				FC42FAD528C35A0500B068C5 /* FeedStore.xcdatamodel */,
			);
			currentVersion = FC42FAD528C35A0500B068C5 /* FeedStore.xcdatamodel */;
			path = FeedStore.xcdatamodeld;
			sourceTree = "<group>";
			versionGroupType = wrapper.xcdatamodel;
		};
/* End XCVersionGroup section */
	};
	rootObject = FCA7282D28955B5C00560FBD /* Project object */;
}
